
Microsoft Visual Studio Solution File, Format Version 12.00
# Visual Studio Version 16
VisualStudioVersion = 16.0.34301.259
MinimumVisualStudioVersion = 10.0.40219.1
Project("{8BC9CEB8-8B4A-11D0-8D11-00A0C91BC942}") = "stas2503_unpacker", "stas2503_unpacker.vcxproj", "{7807A7B2-166E-494E-845B-03B73F6F1FBA}"
EndProject
Project("{8BC9CEB8-8B4A-11D0-8D11-00A0C91BC942}") = "zlibstat", "zlib-1.2.11\contrib\vstudio\vc14\zlibstat.vcxproj", "{745DEC58-EBB3-47A9-A9B8-4C6627C01BF8}"
EndProject
Global
	GlobalSection(SolutionConfigurationPlatforms) = preSolution
		Debug|x64 = Debug|x64
		Release|x64 = Release|x64
		ReleaseWithoutAsm|x64 = ReleaseWithoutAsm|x64
	EndGlobalSection
	GlobalSection(ProjectConfigurationPlatforms) = postSolution
		{7807A7B2-166E-494E-845B-03B73F6F1FBA}.Debug|x64.ActiveCfg = Debug|x64
		{7807A7B2-166E-494E-845B-03B73F6F1FBA}.Debug|x64.Build.0 = Debug|x64
		{7807A7B2-166E-494E-845B-03B73F6F1FBA}.Release|x64.ActiveCfg = Release|x64
		{7807A7B2-166E-494E-845B-03B73F6F1FBA}.Release|x64.Build.0 = Release|x64
		{7807A7B2-166E-494E-845B-03B73F6F1FBA}.ReleaseWithoutAsm|x64.ActiveCfg = Release|x64
		{7807A7B2-166E-494E-845B-03B73F6F1FBA}.ReleaseWithoutAsm|x64.Build.0 = Release|x64
		{745DEC58-EBB3-47A9-A9B8-4C6627C01BF8}.Debug|x64.ActiveCfg = Debug|x64
		{745DEC58-EBB3-47A9-A9B8-4C6627C01BF8}.Debug|x64.Build.0 = Debug|x64
		{745DEC58-EBB3-47A9-A9B8-4C6627C01BF8}.Release|x64.ActiveCfg = Release|x64
		{745DEC58-EBB3-47A9-A9B8-4C6627C01BF8}.Release|x64.Build.0 = Release|x64
		{745DEC58-EBB3-47A9-A9B8-4C6627C01BF8}.ReleaseWithoutAsm|x64.ActiveCfg = ReleaseWithoutAsm|x64
		{745DEC58-EBB3-47A9-A9B8-4C6627C01BF8}.ReleaseWithoutAsm|x64.Build.0 = ReleaseWithoutAsm|x64
	EndGlobalSection
	GlobalSection(SolutionProperties) = preSolution
		HideSolutionNode = FALSE
	EndGlobalSection
	GlobalSection(ExtensibilityGlobals) = postSolution
		SolutionGuid = {738E2B66-1AA1-4368-ACE4-445F13F0FB1F}
	EndGlobalSection
EndGlobal
